
Microsoft Visual Studio Solution File, Format Version 12.00
# Visual Studio Version 17
VisualStudioVersion = 17.13.35716.79 d17.13
MinimumVisualStudioVersion = 10.0.40219.1
Project("{FAE04EC0-301F-11D3-BF4B-00C04F79EFBC}") = "TalesScriptForm", "TalesScriptForm\TalesScriptForm.csproj", "{096EC26A-4CC0-4704-A435-14E021AD8B98}"
EndProject
Global
	GlobalSection(SolutionConfigurationPlatforms) = preSolution
		Debug|Any CPU = Debug|Any CPU
		Release|Any CPU = Release|Any CPU
	EndGlobalSection
	GlobalSection(ProjectConfigurationPlatforms) = postSolution
		{096EC26A-4CC0-4704-A435-14E021AD8B98}.Debug|Any CPU.ActiveCfg = Debug|Any CPU
		{096EC26A-4CC0-4704-A435-14E021AD8B98}.Debug|Any CPU.Build.0 = Debug|Any CPU
		{096EC26A-4CC0-4704-A435-14E021AD8B98}.Release|Any CPU.ActiveCfg = Release|Any CPU
		{096EC26A-4CC0-4704-A435-14E021AD8B98}.Release|Any CPU.Build.0 = Release|Any CPU
	EndGlobalSection
	GlobalSection(SolutionProperties) = preSolution
		HideSolutionNode = FALSE
	EndGlobalSection
	GlobalSection(ExtensibilityGlobals) = postSolution
		SolutionGuid = {B7A342EA-B98F-4718-A25B-F38C542EBE44}
	EndGlobalSection
EndGlobal
